
Microsoft Visual Studio Solution File, Format Version 12.00
# Visual Studio 14
VisualStudioVersion = 14.0.25420.1
MinimumVisualStudioVersion = 10.0.40219.1
Project("{2150E333-8FDC-42A3-9474-1A3956D46DE8}") = "src", "src", "{84D874C0-114F-46C2-944D-306EC11CFC1A}"
EndProject
Project("{2150E333-8FDC-42A3-9474-1A3956D46DE8}") = "Solution Items", "Solution Items", "{E0ED6519-6C73-4125-AE5C-C21415D0BC04}"
	ProjectSection(SolutionItems) = preProject
		DbUpdater.bat = DbUpdater.bat
		global.json = global.json
		TypeMapping.md = TypeMapping.md
	EndProjectSection
EndProject
Project("{8BB2217D-0F2D-49D1-97BC-3654ED321F3B}") = "FlatMate.Web", "src\FlatMate.Web\FlatMate.Web.xproj", "{05A2DD96-6451-4F7D-BF87-5374A22FC0AD}"
EndProject
Project("{8BB2217D-0F2D-49D1-97BC-3654ED321F3B}") = "FlatMate.Module.Account", "src\FlatMate.Module\FlatMate.Module.Account\FlatMate.Module.Account.xproj", "{2C6E180B-F926-47A7-AC6F-799C0898208D}"
EndProject
Project("{8BB2217D-0F2D-49D1-97BC-3654ED321F3B}") = "FlatMate.Module.Lists", "src\FlatMate.Module\FlatMate.Module.Lists\FlatMate.Module.Lists.xproj", "{799B9D98-368A-4FAC-93E8-867AAC8AF3D6}"
EndProject
Project("{2150E333-8FDC-42A3-9474-1A3956D46DE8}") = "build", "build", "{C7BA4946-DB0D-4108-9E18-320ACEDF6B19}"
	ProjectSection(SolutionItems) = preProject
		build\build.ps1 = build\build.ps1
		build\deploy.ps1 = build\deploy.ps1
	EndProjectSection
EndProject
Project("{8BB2217D-0F2D-49D1-97BC-3654ED321F3B}") = "prayzzz.Common", "..\prayzzz.Common\src\prayzzz.Common\prayzzz.Common.xproj", "{02DC310F-A588-4A80-A082-5742261BADB7}"
EndProject
Project("{8BB2217D-0F2D-49D1-97BC-3654ED321F3B}") = "FlatMate.Common", "src\FlatMate.Common\FlatMate.Common.xproj", "{08A19918-8E69-407A-8D1E-E92D8A8BF688}"
EndProject
Project("{8BB2217D-0F2D-49D1-97BC-3654ED321F3B}") = "FlatMate.Module.Home", "src\FlatMate.Module\FlatMate.Module.Home\FlatMate.Module.Home.xproj", "{8E31E85B-22C6-4F9B-9A02-91AF042316CF}"
EndProject
Global
	GlobalSection(SolutionConfigurationPlatforms) = preSolution
		Debug|Any CPU = Debug|Any CPU
		Release|Any CPU = Release|Any CPU
	EndGlobalSection
	GlobalSection(ProjectConfigurationPlatforms) = postSolution
		{05A2DD96-6451-4F7D-BF87-5374A22FC0AD}.Debug|Any CPU.ActiveCfg = Debug|Any CPU
		{05A2DD96-6451-4F7D-BF87-5374A22FC0AD}.Debug|Any CPU.Build.0 = Debug|Any CPU
		{05A2DD96-6451-4F7D-BF87-5374A22FC0AD}.Release|Any CPU.ActiveCfg = Release|Any CPU
		{05A2DD96-6451-4F7D-BF87-5374A22FC0AD}.Release|Any CPU.Build.0 = Release|Any CPU
		{2C6E180B-F926-47A7-AC6F-799C0898208D}.Debug|Any CPU.ActiveCfg = Debug|Any CPU
		{2C6E180B-F926-47A7-AC6F-799C0898208D}.Debug|Any CPU.Build.0 = Debug|Any CPU
		{2C6E180B-F926-47A7-AC6F-799C0898208D}.Release|Any CPU.ActiveCfg = Release|Any CPU
		{2C6E180B-F926-47A7-AC6F-799C0898208D}.Release|Any CPU.Build.0 = Release|Any CPU
		{799B9D98-368A-4FAC-93E8-867AAC8AF3D6}.Debug|Any CPU.ActiveCfg = Debug|Any CPU
		{799B9D98-368A-4FAC-93E8-867AAC8AF3D6}.Debug|Any CPU.Build.0 = Debug|Any CPU
		{799B9D98-368A-4FAC-93E8-867AAC8AF3D6}.Release|Any CPU.ActiveCfg = Release|Any CPU
		{799B9D98-368A-4FAC-93E8-867AAC8AF3D6}.Release|Any CPU.Build.0 = Release|Any CPU
		{02DC310F-A588-4A80-A082-5742261BADB7}.Debug|Any CPU.ActiveCfg = Debug|Any CPU
		{02DC310F-A588-4A80-A082-5742261BADB7}.Debug|Any CPU.Build.0 = Debug|Any CPU
		{02DC310F-A588-4A80-A082-5742261BADB7}.Release|Any CPU.ActiveCfg = Release|Any CPU
		{02DC310F-A588-4A80-A082-5742261BADB7}.Release|Any CPU.Build.0 = Release|Any CPU
		{08A19918-8E69-407A-8D1E-E92D8A8BF688}.Debug|Any CPU.ActiveCfg = Debug|Any CPU
		{08A19918-8E69-407A-8D1E-E92D8A8BF688}.Debug|Any CPU.Build.0 = Debug|Any CPU
		{08A19918-8E69-407A-8D1E-E92D8A8BF688}.Release|Any CPU.ActiveCfg = Release|Any CPU
		{08A19918-8E69-407A-8D1E-E92D8A8BF688}.Release|Any CPU.Build.0 = Release|Any CPU
		{8E31E85B-22C6-4F9B-9A02-91AF042316CF}.Debug|Any CPU.ActiveCfg = Debug|Any CPU
		{8E31E85B-22C6-4F9B-9A02-91AF042316CF}.Debug|Any CPU.Build.0 = Debug|Any CPU
		{8E31E85B-22C6-4F9B-9A02-91AF042316CF}.Release|Any CPU.ActiveCfg = Release|Any CPU
		{8E31E85B-22C6-4F9B-9A02-91AF042316CF}.Release|Any CPU.Build.0 = Release|Any CPU
	EndGlobalSection
	GlobalSection(SolutionProperties) = preSolution
		HideSolutionNode = FALSE
	EndGlobalSection
	GlobalSection(NestedProjects) = preSolution
		{05A2DD96-6451-4F7D-BF87-5374A22FC0AD} = {84D874C0-114F-46C2-944D-306EC11CFC1A}
		{2C6E180B-F926-47A7-AC6F-799C0898208D} = {84D874C0-114F-46C2-944D-306EC11CFC1A}
		{799B9D98-368A-4FAC-93E8-867AAC8AF3D6} = {84D874C0-114F-46C2-944D-306EC11CFC1A}
		{08A19918-8E69-407A-8D1E-E92D8A8BF688} = {84D874C0-114F-46C2-944D-306EC11CFC1A}
		{8E31E85B-22C6-4F9B-9A02-91AF042316CF} = {84D874C0-114F-46C2-944D-306EC11CFC1A}
	EndGlobalSection
EndGlobal
