
Microsoft Visual Studio Solution File, Format Version 12.00
# Visual Studio 15
VisualStudioVersion = 15.0.25914.0
MinimumVisualStudioVersion = 10.0.40219.1
Project("{2150E333-8FDC-42A3-9474-1A3956D46DE8}") = "src", "src", "{84D874C0-114F-46C2-944D-306EC11CFC1A}"
EndProject
Project("{2150E333-8FDC-42A3-9474-1A3956D46DE8}") = "Solution Items", "Solution Items", "{E0ED6519-6C73-4125-AE5C-C21415D0BC04}"
	ProjectSection(SolutionItems) = preProject
		DbUpdater.bat = DbUpdater.bat
		docker-compose.ci.build.yml = docker-compose.ci.build.yml
		docker-compose.override.yml = docker-compose.override.yml
		docker-compose.yml = docker-compose.yml
		global.json = global.json
	EndProjectSection
EndProject
Project("{2150E333-8FDC-42A3-9474-1A3956D46DE8}") = "build", "build", "{C7BA4946-DB0D-4108-9E18-320ACEDF6B19}"
	ProjectSection(SolutionItems) = preProject
		build\build.ps1 = build\build.ps1
		build\deploy.ps1 = build\deploy.ps1
	EndProjectSection
EndProject
Project("{9A19103F-16F7-4668-BE54-9A1E7A4F7556}") = "FlatMate.Web", "src\FlatMate.Web\FlatMate.Web.csproj", "{05A2DD96-6451-4F7D-BF87-5374A22FC0AD}"
EndProject
Project("{9A19103F-16F7-4668-BE54-9A1E7A4F7556}") = "FlatMate.Module.Account", "src\FlatMate.Module\FlatMate.Module.Account\FlatMate.Module.Account.csproj", "{2C6E180B-F926-47A7-AC6F-799C0898208D}"
EndProject
Project("{9A19103F-16F7-4668-BE54-9A1E7A4F7556}") = "FlatMate.Module.Lists", "src\FlatMate.Module\FlatMate.Module.Lists\FlatMate.Module.Lists.csproj", "{799B9D98-368A-4FAC-93E8-867AAC8AF3D6}"
EndProject
Project("{9A19103F-16F7-4668-BE54-9A1E7A4F7556}") = "FlatMate.Common", "src\FlatMate.Common\FlatMate.Common.csproj", "{2B289A4E-8D0B-4747-B419-60D3098D9F3B}"
EndProject
Global
	GlobalSection(SolutionConfigurationPlatforms) = preSolution
		Debug|Any CPU = Debug|Any CPU
		Debug|x64 = Debug|x64
		Debug|x86 = Debug|x86
		Release|Any CPU = Release|Any CPU
		Release|x64 = Release|x64
		Release|x86 = Release|x86
	EndGlobalSection
	GlobalSection(ProjectConfigurationPlatforms) = postSolution
		{05A2DD96-6451-4F7D-BF87-5374A22FC0AD}.Debug|Any CPU.ActiveCfg = Debug|Any CPU
		{05A2DD96-6451-4F7D-BF87-5374A22FC0AD}.Debug|Any CPU.Build.0 = Debug|Any CPU
		{05A2DD96-6451-4F7D-BF87-5374A22FC0AD}.Debug|x64.ActiveCfg = Debug|Any CPU
		{05A2DD96-6451-4F7D-BF87-5374A22FC0AD}.Debug|x64.Build.0 = Debug|Any CPU
		{05A2DD96-6451-4F7D-BF87-5374A22FC0AD}.Debug|x86.ActiveCfg = Debug|Any CPU
		{05A2DD96-6451-4F7D-BF87-5374A22FC0AD}.Debug|x86.Build.0 = Debug|Any CPU
		{05A2DD96-6451-4F7D-BF87-5374A22FC0AD}.Release|Any CPU.ActiveCfg = Debug|Any CPU
		{05A2DD96-6451-4F7D-BF87-5374A22FC0AD}.Release|Any CPU.Build.0 = Debug|Any CPU
		{05A2DD96-6451-4F7D-BF87-5374A22FC0AD}.Release|x64.ActiveCfg = Debug|Any CPU
		{05A2DD96-6451-4F7D-BF87-5374A22FC0AD}.Release|x64.Build.0 = Debug|Any CPU
		{05A2DD96-6451-4F7D-BF87-5374A22FC0AD}.Release|x86.ActiveCfg = Debug|Any CPU
		{05A2DD96-6451-4F7D-BF87-5374A22FC0AD}.Release|x86.Build.0 = Debug|Any CPU
		{2C6E180B-F926-47A7-AC6F-799C0898208D}.Debug|Any CPU.ActiveCfg = Debug|Any CPU
		{2C6E180B-F926-47A7-AC6F-799C0898208D}.Debug|Any CPU.Build.0 = Debug|Any CPU
		{2C6E180B-F926-47A7-AC6F-799C0898208D}.Debug|x64.ActiveCfg = Debug|x64
		{2C6E180B-F926-47A7-AC6F-799C0898208D}.Debug|x64.Build.0 = Debug|x64
		{2C6E180B-F926-47A7-AC6F-799C0898208D}.Debug|x86.ActiveCfg = Debug|x86
		{2C6E180B-F926-47A7-AC6F-799C0898208D}.Debug|x86.Build.0 = Debug|x86
		{2C6E180B-F926-47A7-AC6F-799C0898208D}.Release|Any CPU.ActiveCfg = Debug|Any CPU
		{2C6E180B-F926-47A7-AC6F-799C0898208D}.Release|Any CPU.Build.0 = Debug|Any CPU
		{2C6E180B-F926-47A7-AC6F-799C0898208D}.Release|x64.ActiveCfg = Release|x64
		{2C6E180B-F926-47A7-AC6F-799C0898208D}.Release|x64.Build.0 = Release|x64
		{2C6E180B-F926-47A7-AC6F-799C0898208D}.Release|x86.ActiveCfg = Release|x86
		{2C6E180B-F926-47A7-AC6F-799C0898208D}.Release|x86.Build.0 = Release|x86
		{799B9D98-368A-4FAC-93E8-867AAC8AF3D6}.Debug|Any CPU.ActiveCfg = Debug|Any CPU
		{799B9D98-368A-4FAC-93E8-867AAC8AF3D6}.Debug|Any CPU.Build.0 = Debug|Any CPU
		{799B9D98-368A-4FAC-93E8-867AAC8AF3D6}.Debug|x64.ActiveCfg = Debug|x64
		{799B9D98-368A-4FAC-93E8-867AAC8AF3D6}.Debug|x64.Build.0 = Debug|x64
		{799B9D98-368A-4FAC-93E8-867AAC8AF3D6}.Debug|x86.ActiveCfg = Debug|x86
		{799B9D98-368A-4FAC-93E8-867AAC8AF3D6}.Debug|x86.Build.0 = Debug|x86
		{799B9D98-368A-4FAC-93E8-867AAC8AF3D6}.Release|Any CPU.ActiveCfg = Debug|Any CPU
		{799B9D98-368A-4FAC-93E8-867AAC8AF3D6}.Release|Any CPU.Build.0 = Debug|Any CPU
		{799B9D98-368A-4FAC-93E8-867AAC8AF3D6}.Release|x64.ActiveCfg = Release|x64
		{799B9D98-368A-4FAC-93E8-867AAC8AF3D6}.Release|x64.Build.0 = Release|x64
		{799B9D98-368A-4FAC-93E8-867AAC8AF3D6}.Release|x86.ActiveCfg = Release|x86
		{799B9D98-368A-4FAC-93E8-867AAC8AF3D6}.Release|x86.Build.0 = Release|x86
		{2B289A4E-8D0B-4747-B419-60D3098D9F3B}.Debug|Any CPU.ActiveCfg = Debug|Any CPU
		{2B289A4E-8D0B-4747-B419-60D3098D9F3B}.Debug|Any CPU.Build.0 = Debug|Any CPU
		{2B289A4E-8D0B-4747-B419-60D3098D9F3B}.Debug|x64.ActiveCfg = Debug|x64
		{2B289A4E-8D0B-4747-B419-60D3098D9F3B}.Debug|x64.Build.0 = Debug|x64
		{2B289A4E-8D0B-4747-B419-60D3098D9F3B}.Debug|x86.ActiveCfg = Debug|x86
		{2B289A4E-8D0B-4747-B419-60D3098D9F3B}.Debug|x86.Build.0 = Debug|x86
		{2B289A4E-8D0B-4747-B419-60D3098D9F3B}.Release|Any CPU.ActiveCfg = Release|Any CPU
		{2B289A4E-8D0B-4747-B419-60D3098D9F3B}.Release|Any CPU.Build.0 = Release|Any CPU
		{2B289A4E-8D0B-4747-B419-60D3098D9F3B}.Release|x64.ActiveCfg = Release|x64
		{2B289A4E-8D0B-4747-B419-60D3098D9F3B}.Release|x64.Build.0 = Release|x64
		{2B289A4E-8D0B-4747-B419-60D3098D9F3B}.Release|x86.ActiveCfg = Release|x86
		{2B289A4E-8D0B-4747-B419-60D3098D9F3B}.Release|x86.Build.0 = Release|x86
	EndGlobalSection
	GlobalSection(SolutionProperties) = preSolution
		HideSolutionNode = FALSE
	EndGlobalSection
	GlobalSection(NestedProjects) = preSolution
		{05A2DD96-6451-4F7D-BF87-5374A22FC0AD} = {84D874C0-114F-46C2-944D-306EC11CFC1A}
		{2C6E180B-F926-47A7-AC6F-799C0898208D} = {84D874C0-114F-46C2-944D-306EC11CFC1A}
		{799B9D98-368A-4FAC-93E8-867AAC8AF3D6} = {84D874C0-114F-46C2-944D-306EC11CFC1A}
		{2B289A4E-8D0B-4747-B419-60D3098D9F3B} = {84D874C0-114F-46C2-944D-306EC11CFC1A}
	EndGlobalSection
EndGlobal
